
Microsoft Visual Studio Solution File, Format Version 12.00
# Visual Studio 15
VisualStudioVersion = 15.0.28307.1267
MinimumVisualStudioVersion = 10.0.40219.1
Project("{FAE04EC0-301F-11D3-BF4B-00C04F79EFBC}") = "ClientChatApp_097_Ricki Irawan", "ClientChatApp_097_Ricki Irawan\ClientChatApp_097_Ricki Irawan.csproj", "{F8D35535-75FC-4E15-B2AB-A2A1F2006608}"
EndProject
Global
	GlobalSection(SolutionConfigurationPlatforms) = preSolution
		Debug|Any CPU = Debug|Any CPU
		Release|Any CPU = Release|Any CPU
	EndGlobalSection
	GlobalSection(ProjectConfigurationPlatforms) = postSolution
		{F8D35535-75FC-4E15-B2AB-A2A1F2006608}.Debug|Any CPU.ActiveCfg = Debug|Any CPU
		{F8D35535-75FC-4E15-B2AB-A2A1F2006608}.Debug|Any CPU.Build.0 = Debug|Any CPU
		{F8D35535-75FC-4E15-B2AB-A2A1F2006608}.Release|Any CPU.ActiveCfg = Release|Any CPU
		{F8D35535-75FC-4E15-B2AB-A2A1F2006608}.Release|Any CPU.Build.0 = Release|Any CPU
	EndGlobalSection
	GlobalSection(SolutionProperties) = preSolution
		HideSolutionNode = FALSE
	EndGlobalSection
	GlobalSection(ExtensibilityGlobals) = postSolution
		SolutionGuid = {B8B7BD8E-592B-463D-97D7-E4136146CC7F}
	EndGlobalSection
EndGlobal
